
Microsoft Visual Studio Solution File, Format Version 12.00
# Visual Studio Version 16
VisualStudioVersion = 16.0.30611.23
MinimumVisualStudioVersion = 10.0.40219.1
Project("{FAE04EC0-301F-11D3-BF4B-00C04F79EFBC}") = "ServerCodeMtk-P2-040", "ServerCodeMtk-P2-040\ServerCodeMtk-P2-040.csproj", "{EBDA8D53-9D6A-4FB6-A47C-CE51E97EFF14}"
EndProject
Global
	GlobalSection(SolutionConfigurationPlatforms) = preSolution
		Debug|Any CPU = Debug|Any CPU
		Release|Any CPU = Release|Any CPU
	EndGlobalSection
	GlobalSection(ProjectConfigurationPlatforms) = postSolution
		{EBDA8D53-9D6A-4FB6-A47C-CE51E97EFF14}.Debug|Any CPU.ActiveCfg = Debug|Any CPU
		{EBDA8D53-9D6A-4FB6-A47C-CE51E97EFF14}.Debug|Any CPU.Build.0 = Debug|Any CPU
		{EBDA8D53-9D6A-4FB6-A47C-CE51E97EFF14}.Release|Any CPU.ActiveCfg = Release|Any CPU
		{EBDA8D53-9D6A-4FB6-A47C-CE51E97EFF14}.Release|Any CPU.Build.0 = Release|Any CPU
	EndGlobalSection
	GlobalSection(SolutionProperties) = preSolution
		HideSolutionNode = FALSE
	EndGlobalSection
	GlobalSection(ExtensibilityGlobals) = postSolution
		SolutionGuid = {40485987-8342-4482-AA43-B333F8CF8387}
	EndGlobalSection
EndGlobal
